{
  "name": "ano",
  "lockfileVersion": 3,
  "requires": true,
  "packages": {
    "": {
      "dependencies": {
        "tg-ved": "^1.0.0"
      }
    },
    "node_modules/tg-ved": {
      "version": "1.0.0",
      "resolved": "https://registry.npmjs.org/tg-ved/-/tg-ved-1.0.0.tgz",
      "integrity": "sha512-z4iVNg1v2Z8OYhPA57zk9ygTbt1E1pCrZRSSvc7kxeBwOuOfVQ9mxWNOb3i9i+DmA8gmaNR8jX5WQYmRBq7T0A==",
      "license": "  ISC"
    }
  }
}
